// !$*UTF8*$!
{
	archiveVersion = 1;
	classes = {
	};
	objectVersion = 56;
	objects = {

/* Begin PBXBuildFile section */
		9EDEAEB62B9022C000D6B3B6 /* AppDelegate.swift in Sources */ = {isa = PBXBuildFile; fileRef = 9EDEAEB52B9022C000D6B3B6 /* AppDelegate.swift */; };
		9EDEAEB82B9022C000D6B3B6 /* SceneDelegate.swift in Sources */ = {isa = PBXBuildFile; fileRef = 9EDEAEB72B9022C000D6B3B6 /* SceneDelegate.swift */; };
		9EDEAEBA2B9022C000D6B3B6 /* ViewController.swift in Sources */ = {isa = PBXBuildFile; fileRef = 9EDEAEB92B9022C000D6B3B6 /* ViewController.swift */; };
		9EDEAEBD2B9022C000D6B3B6 /* Main.storyboard in Resources */ = {isa = PBXBuildFile; fileRef = 9EDEAEBB2B9022C000D6B3B6 /* Main.storyboard */; };
		9EDEAEBF2B9022C100D6B3B6 /* Assets.xcassets in Resources */ = {isa = PBXBuildFile; fileRef = 9EDEAEBE2B9022C100D6B3B6 /* Assets.xcassets */; };
		9EDEAEC22B9022C100D6B3B6 /* LaunchScreen.storyboard in Resources */ = {isa = PBXBuildFile; fileRef = 9EDEAEC02B9022C100D6B3B6 /* LaunchScreen.storyboard */; };
		A95F69BC2483F60BE64CA7D9 /* Pods_Basic_RxSwift.framework in Frameworks */ = {isa = PBXBuildFile; fileRef = AD3CF5F73B5E54636CB85CBB /* Pods_Basic_RxSwift.framework */; };
/* End PBXBuildFile section */

/* Begin PBXFileReference section */
		7748F541CFE192BFB4EA1208 /* Pods-Basic_RxSwift.debug.xcconfig */ = {isa = PBXFileReference; includeInIndex = 1; lastKnownFileType = text.xcconfig; name = "Pods-Basic_RxSwift.debug.xcconfig"; path = "Target Support Files/Pods-Basic_RxSwift/Pods-Basic_RxSwift.debug.xcconfig"; sourceTree = "<group>"; };
		9EA3373C2B90BCE60071564F /* Subject.playground */ = {isa = PBXFileReference; lastKnownFileType = file.playground; path = Subject.playground; sourceTree = "<group>"; xcLanguageSpecificationIdentifier = xcode.lang.swift; };
		9EA3373D2B91A0F00071564F /* Relay.playground */ = {isa = PBXFileReference; lastKnownFileType = file.playground; path = Relay.playground; sourceTree = "<group>"; xcLanguageSpecificationIdentifier = xcode.lang.swift; };
		9EA3373E2B91A80C0071564F /* Operator.playground */ = {isa = PBXFileReference; lastKnownFileType = file.playground; path = Operator.playground; sourceTree = "<group>"; xcLanguageSpecificationIdentifier = xcode.lang.swift; };
		9EDEAEB22B9022C000D6B3B6 /* Basic_RxSwift.app */ = {isa = PBXFileReference; explicitFileType = wrapper.application; includeInIndex = 0; path = Basic_RxSwift.app; sourceTree = BUILT_PRODUCTS_DIR; };
		9EDEAEB52B9022C000D6B3B6 /* AppDelegate.swift */ = {isa = PBXFileReference; lastKnownFileType = sourcecode.swift; path = AppDelegate.swift; sourceTree = "<group>"; };
		9EDEAEB72B9022C000D6B3B6 /* SceneDelegate.swift */ = {isa = PBXFileReference; lastKnownFileType = sourcecode.swift; path = SceneDelegate.swift; sourceTree = "<group>"; };
		9EDEAEB92B9022C000D6B3B6 /* ViewController.swift */ = {isa = PBXFileReference; lastKnownFileType = sourcecode.swift; path = ViewController.swift; sourceTree = "<group>"; };
		9EDEAEBC2B9022C000D6B3B6 /* Base */ = {isa = PBXFileReference; lastKnownFileType = file.storyboard; name = Base; path = Base.lproj/Main.storyboard; sourceTree = "<group>"; };
		9EDEAEBE2B9022C100D6B3B6 /* Assets.xcassets */ = {isa = PBXFileReference; lastKnownFileType = folder.assetcatalog; path = Assets.xcassets; sourceTree = "<group>"; };
		9EDEAEC12B9022C100D6B3B6 /* Base */ = {isa = PBXFileReference; lastKnownFileType = file.storyboard; name = Base; path = Base.lproj/LaunchScreen.storyboard; sourceTree = "<group>"; };
		9EDEAEC32B9022C100D6B3B6 /* Info.plist */ = {isa = PBXFileReference; lastKnownFileType = text.plist.xml; path = Info.plist; sourceTree = "<group>"; };
		9EDEAEFF2B90255A00D6B3B6 /* AppDelegate.swift */ = {isa = PBXFileReference; lastKnownFileType = sourcecode.swift; name = AppDelegate.swift; path = Basic_RxSwift/AppDelegate.swift; sourceTree = "<group>"; };
		9EDEAF002B90255A00D6B3B6 /* SceneDelegate.swift */ = {isa = PBXFileReference; lastKnownFileType = sourcecode.swift; name = SceneDelegate.swift; path = Basic_RxSwift/SceneDelegate.swift; sourceTree = "<group>"; };
		9EDEAF012B90255A00D6B3B6 /* ViewController.swift */ = {isa = PBXFileReference; lastKnownFileType = sourcecode.swift; name = ViewController.swift; path = Basic_RxSwift/ViewController.swift; sourceTree = "<group>"; };
		9EDEAF022B90255A00D6B3B6 /* Main.storyboard */ = {isa = PBXFileReference; lastKnownFileType = file.storyboard; name = Main.storyboard; path = Basic_RxSwift/Basic_RxSwift/Basic_RxSwift/Base.lproj/Main.storyboard; sourceTree = "<group>"; };
		9EDEAF042B90255A00D6B3B6 /* Assets.xcassets */ = {isa = PBXFileReference; lastKnownFileType = folder.assetcatalog; name = Assets.xcassets; path = Basic_RxSwift/Assets.xcassets; sourceTree = "<group>"; };
		9EDEAF052B90255A00D6B3B6 /* LaunchScreen.storyboard */ = {isa = PBXFileReference; lastKnownFileType = file.storyboard; name = LaunchScreen.storyboard; path = Basic_RxSwift/Basic_RxSwift/Basic_RxSwift/Base.lproj/LaunchScreen.storyboard; sourceTree = "<group>"; };
		9EDEAF072B90255A00D6B3B6 /* Info.plist */ = {isa = PBXFileReference; lastKnownFileType = text.plist; name = Info.plist; path = Basic_RxSwift/Info.plist; sourceTree = "<group>"; };
		9EDEAF0D2B90260700D6B3B6 /* Observable.playground */ = {isa = PBXFileReference; lastKnownFileType = file.playground; path = Observable.playground; sourceTree = "<group>"; xcLanguageSpecificationIdentifier = xcode.lang.swift; };
		AD3CF5F73B5E54636CB85CBB /* Pods_Basic_RxSwift.framework */ = {isa = PBXFileReference; explicitFileType = wrapper.framework; includeInIndex = 0; path = Pods_Basic_RxSwift.framework; sourceTree = BUILT_PRODUCTS_DIR; };
		BA6600998CBDD9233241635F /* Pods-Basic_RxSwift.release.xcconfig */ = {isa = PBXFileReference; includeInIndex = 1; lastKnownFileType = text.xcconfig; name = "Pods-Basic_RxSwift.release.xcconfig"; path = "Target Support Files/Pods-Basic_RxSwift/Pods-Basic_RxSwift.release.xcconfig"; sourceTree = "<group>"; };
/* End PBXFileReference section */

/* Begin PBXFrameworksBuildPhase section */
		9EDEAEAF2B9022BF00D6B3B6 /* Frameworks */ = {
			isa = PBXFrameworksBuildPhase;
			buildActionMask = 2147483647;
			files = (
				A95F69BC2483F60BE64CA7D9 /* Pods_Basic_RxSwift.framework in Frameworks */,
			);
			runOnlyForDeploymentPostprocessing = 0;
		};
/* End PBXFrameworksBuildPhase section */

/* Begin PBXGroup section */
		4573A5EFB621FCE2FD0B5868 /* Frameworks */ = {
			isa = PBXGroup;
			children = (
				9EDEAF082B90255A00D6B3B6 /* Basic_RxSwift */,
				AD3CF5F73B5E54636CB85CBB /* Pods_Basic_RxSwift.framework */,
			);
			name = Frameworks;
			sourceTree = "<group>";
		};
		9EDEAEA92B9022BF00D6B3B6 = {
			isa = PBXGroup;
			children = (
				9EA3373E2B91A80C0071564F /* Operator.playground */,
				9EA3373D2B91A0F00071564F /* Relay.playground */,
				9EA3373C2B90BCE60071564F /* Subject.playground */,
				9EDEAF0D2B90260700D6B3B6 /* Observable.playground */,
				9EDEAEB42B9022C000D6B3B6 /* Basic_RxSwift */,
				9EDEAEB32B9022C000D6B3B6 /* Products */,
				A50C1E666D721BA381341920 /* Pods */,
				4573A5EFB621FCE2FD0B5868 /* Frameworks */,
			);
			sourceTree = "<group>";
		};
		9EDEAEB32B9022C000D6B3B6 /* Products */ = {
			isa = PBXGroup;
			children = (
				9EDEAEB22B9022C000D6B3B6 /* Basic_RxSwift.app */,
			);
			name = Products;
			sourceTree = "<group>";
		};
		9EDEAEB42B9022C000D6B3B6 /* Basic_RxSwift */ = {
			isa = PBXGroup;
			children = (
				9EDEAEB52B9022C000D6B3B6 /* AppDelegate.swift */,
				9EDEAEB72B9022C000D6B3B6 /* SceneDelegate.swift */,
				9EDEAEB92B9022C000D6B3B6 /* ViewController.swift */,
				9EDEAEBB2B9022C000D6B3B6 /* Main.storyboard */,
				9EDEAEBE2B9022C100D6B3B6 /* Assets.xcassets */,
				9EDEAEC02B9022C100D6B3B6 /* LaunchScreen.storyboard */,
				9EDEAEC32B9022C100D6B3B6 /* Info.plist */,
			);
			path = Basic_RxSwift;
			sourceTree = "<group>";
		};
		9EDEAF032B90255A00D6B3B6 /* Main.storyboard */ = {
			isa = PBXGroup;
			children = (
				9EDEAF022B90255A00D6B3B6 /* Main.storyboard */,
			);
			name = Main.storyboard;
			path = Basic_RxSwift;
			sourceTree = "<group>";
		};
		9EDEAF062B90255A00D6B3B6 /* LaunchScreen.storyboard */ = {
			isa = PBXGroup;
			children = (
				9EDEAF052B90255A00D6B3B6 /* LaunchScreen.storyboard */,
			);
			name = LaunchScreen.storyboard;
			path = Basic_RxSwift;
			sourceTree = "<group>";
		};
		9EDEAF082B90255A00D6B3B6 /* Basic_RxSwift */ = {
			isa = PBXGroup;
			children = (
				9EDEAEFF2B90255A00D6B3B6 /* AppDelegate.swift */,
				9EDEAF002B90255A00D6B3B6 /* SceneDelegate.swift */,
				9EDEAF012B90255A00D6B3B6 /* ViewController.swift */,
				9EDEAF032B90255A00D6B3B6 /* Main.storyboard */,
				9EDEAF042B90255A00D6B3B6 /* Assets.xcassets */,
				9EDEAF062B90255A00D6B3B6 /* LaunchScreen.storyboard */,
				9EDEAF072B90255A00D6B3B6 /* Info.plist */,
			);
			name = Basic_RxSwift;
			path = "/Users/seongil/Desktop/공부 자료/Basic_RxSwift/Basic_RxSwift";
			sourceTree = "<absolute>";
		};
		A50C1E666D721BA381341920 /* Pods */ = {
			isa = PBXGroup;
			children = (
				7748F541CFE192BFB4EA1208 /* Pods-Basic_RxSwift.debug.xcconfig */,
				BA6600998CBDD9233241635F /* Pods-Basic_RxSwift.release.xcconfig */,
			);
			path = Pods;
			sourceTree = "<group>";
		};
/* End PBXGroup section */

/* Begin PBXNativeTarget section */
		9EDEAEB12B9022BF00D6B3B6 /* Basic_RxSwift */ = {
			isa = PBXNativeTarget;
			buildConfigurationList = 9EDEAEC62B9022C100D6B3B6 /* Build configuration list for PBXNativeTarget "Basic_RxSwift" */;
			buildPhases = (
				03EC5B6EB27B6CF7812BF35E /* [CP] Check Pods Manifest.lock */,
				9EDEAEAE2B9022BF00D6B3B6 /* Sources */,
				9EDEAEAF2B9022BF00D6B3B6 /* Frameworks */,
				9EDEAEB02B9022BF00D6B3B6 /* Resources */,
				F4EB7106F6E91FB0441FBBF2 /* [CP] Embed Pods Frameworks */,
			);
			buildRules = (
			);
			dependencies = (
			);
			name = Basic_RxSwift;
			productName = Basic_RxSwift;
			productReference = 9EDEAEB22B9022C000D6B3B6 /* Basic_RxSwift.app */;
			productType = "com.apple.product-type.application";
		};
/* End PBXNativeTarget section */

/* Begin PBXProject section */
		9EDEAEAA2B9022BF00D6B3B6 /* Project object */ = {
			isa = PBXProject;
			attributes = {
				BuildIndependentTargetsInParallel = 1;
				LastSwiftUpdateCheck = 1520;
				LastUpgradeCheck = 1520;
				TargetAttributes = {
					9EDEAEB12B9022BF00D6B3B6 = {
						CreatedOnToolsVersion = 15.2;
					};
				};
			};
			buildConfigurationList = 9EDEAEAD2B9022BF00D6B3B6 /* Build configuration list for PBXProject "Basic_RxSwift" */;
			compatibilityVersion = "Xcode 14.0";
			developmentRegion = en;
			hasScannedForEncodings = 0;
			knownRegions = (
				en,
				Base,
			);
			mainGroup = 9EDEAEA92B9022BF00D6B3B6;
			productRefGroup = 9EDEAEB32B9022C000D6B3B6 /* Products */;
			projectDirPath = "";
			projectRoot = "";
			targets = (
				9EDEAEB12B9022BF00D6B3B6 /* Basic_RxSwift */,
			);
		};
/* End PBXProject section */

/* Begin PBXResourcesBuildPhase section */
		9EDEAEB02B9022BF00D6B3B6 /* Resources */ = {
			isa = PBXResourcesBuildPhase;
			buildActionMask = 2147483647;
			files = (
				9EDEAEC22B9022C100D6B3B6 /* LaunchScreen.storyboard in Resources */,
				9EDEAEBF2B9022C100D6B3B6 /* Assets.xcassets in Resources */,
				9EDEAEBD2B9022C000D6B3B6 /* Main.storyboard in Resources */,
			);
			runOnlyForDeploymentPostprocessing = 0;
		};
/* End PBXResourcesBuildPhase section */

/* Begin PBXShellScriptBuildPhase section */
		03EC5B6EB27B6CF7812BF35E /* [CP] Check Pods Manifest.lock */ = {
			isa = PBXShellScriptBuildPhase;
			buildActionMask = 2147483647;
			files = (
			);
			inputFileListPaths = (
			);
			inputPaths = (
				"${PODS_PODFILE_DIR_PATH}/Podfile.lock",
				"${PODS_ROOT}/Manifest.lock",
			);
			name = "[CP] Check Pods Manifest.lock";
			outputFileListPaths = (
			);
			outputPaths = (
				"$(DERIVED_FILE_DIR)/Pods-Basic_RxSwift-checkManifestLockResult.txt",
			);
			runOnlyForDeploymentPostprocessing = 0;
			shellPath = /bin/sh;
			shellScript = "diff \"${PODS_PODFILE_DIR_PATH}/Podfile.lock\" \"${PODS_ROOT}/Manifest.lock\" > /dev/null\nif [ $? != 0 ] ; then\n    # print error to STDERR\n    echo \"error: The sandbox is not in sync with the Podfile.lock. Run 'pod install' or update your CocoaPods installation.\" >&2\n    exit 1\nfi\n# This output is used by Xcode 'outputs' to avoid re-running this script phase.\necho \"SUCCESS\" > \"${SCRIPT_OUTPUT_FILE_0}\"\n";
			showEnvVarsInLog = 0;
		};
		F4EB7106F6E91FB0441FBBF2 /* [CP] Embed Pods Frameworks */ = {
			isa = PBXShellScriptBuildPhase;
			buildActionMask = 2147483647;
			files = (
			);
			inputFileListPaths = (
				"${PODS_ROOT}/Target Support Files/Pods-Basic_RxSwift/Pods-Basic_RxSwift-frameworks-${CONFIGURATION}-input-files.xcfilelist",
			);
			name = "[CP] Embed Pods Frameworks";
			outputFileListPaths = (
				"${PODS_ROOT}/Target Support Files/Pods-Basic_RxSwift/Pods-Basic_RxSwift-frameworks-${CONFIGURATION}-output-files.xcfilelist",
			);
			runOnlyForDeploymentPostprocessing = 0;
			shellPath = /bin/sh;
			shellScript = "\"${PODS_ROOT}/Target Support Files/Pods-Basic_RxSwift/Pods-Basic_RxSwift-frameworks.sh\"\n";
			showEnvVarsInLog = 0;
		};
/* End PBXShellScriptBuildPhase section */

/* Begin PBXSourcesBuildPhase section */
		9EDEAEAE2B9022BF00D6B3B6 /* Sources */ = {
			isa = PBXSourcesBuildPhase;
			buildActionMask = 2147483647;
			files = (
				9EDEAEBA2B9022C000D6B3B6 /* ViewController.swift in Sources */,
				9EDEAEB62B9022C000D6B3B6 /* AppDelegate.swift in Sources */,
				9EDEAEB82B9022C000D6B3B6 /* SceneDelegate.swift in Sources */,
			);
			runOnlyForDeploymentPostprocessing = 0;
		};
/* End PBXSourcesBuildPhase section */

/* Begin PBXVariantGroup section */
		9EDEAEBB2B9022C000D6B3B6 /* Main.storyboard */ = {
			isa = PBXVariantGroup;
			children = (
				9EDEAEBC2B9022C000D6B3B6 /* Base */,
			);
			name = Main.storyboard;
			sourceTree = "<group>";
		};
		9EDEAEC02B9022C100D6B3B6 /* LaunchScreen.storyboard */ = {
			isa = PBXVariantGroup;
			children = (
				9EDEAEC12B9022C100D6B3B6 /* Base */,
			);
			name = LaunchScreen.storyboard;
			sourceTree = "<group>";
		};
/* End PBXVariantGroup section */

/* Begin XCBuildConfiguration section */
		9EDEAEC42B9022C100D6B3B6 /* Debug */ = {
			isa = XCBuildConfiguration;
			buildSettings = {
				ALWAYS_SEARCH_USER_PATHS = NO;
				ASSETCATALOG_COMPILER_GENERATE_SWIFT_ASSET_SYMBOL_EXTENSIONS = YES;
				CLANG_ANALYZER_NONNULL = YES;
				CLANG_ANALYZER_NUMBER_OBJECT_CONVERSION = YES_AGGRESSIVE;
				CLANG_CXX_LANGUAGE_STANDARD = "gnu++20";
				CLANG_ENABLE_MODULES = YES;
				CLANG_ENABLE_OBJC_ARC = YES;
				CLANG_ENABLE_OBJC_WEAK = YES;
				CLANG_WARN_BLOCK_CAPTURE_AUTORELEASING = YES;
				CLANG_WARN_BOOL_CONVERSION = YES;
				CLANG_WARN_COMMA = YES;
				CLANG_WARN_CONSTANT_CONVERSION = YES;
				CLANG_WARN_DEPRECATED_OBJC_IMPLEMENTATIONS = YES;
				CLANG_WARN_DIRECT_OBJC_ISA_USAGE = YES_ERROR;
				CLANG_WARN_DOCUMENTATION_COMMENTS = YES;
				CLANG_WARN_EMPTY_BODY = YES;
				CLANG_WARN_ENUM_CONVERSION = YES;
				CLANG_WARN_INFINITE_RECURSION = YES;
				CLANG_WARN_INT_CONVERSION = YES;
				CLANG_WARN_NON_LITERAL_NULL_CONVERSION = YES;
				CLANG_WARN_OBJC_IMPLICIT_RETAIN_SELF = YES;
				CLANG_WARN_OBJC_LITERAL_CONVERSION = YES;
				CLANG_WARN_OBJC_ROOT_CLASS = YES_ERROR;
				CLANG_WARN_QUOTED_INCLUDE_IN_FRAMEWORK_HEADER = YES;
				CLANG_WARN_RANGE_LOOP_ANALYSIS = YES;
				CLANG_WARN_STRICT_PROTOTYPES = YES;
				CLANG_WARN_SUSPICIOUS_MOVE = YES;
				CLANG_WARN_UNGUARDED_AVAILABILITY = YES_AGGRESSIVE;
				CLANG_WARN_UNREACHABLE_CODE = YES;
				CLANG_WARN__DUPLICATE_METHOD_MATCH = YES;
				COPY_PHASE_STRIP = NO;
				DEBUG_INFORMATION_FORMAT = dwarf;
				ENABLE_STRICT_OBJC_MSGSEND = YES;
				ENABLE_TESTABILITY = YES;
				ENABLE_USER_SCRIPT_SANDBOXING = NO;
				GCC_C_LANGUAGE_STANDARD = gnu17;
				GCC_DYNAMIC_NO_PIC = NO;
				GCC_NO_COMMON_BLOCKS = YES;
				GCC_OPTIMIZATION_LEVEL = 0;
				GCC_PREPROCESSOR_DEFINITIONS = (
					"DEBUG=1",
					"$(inherited)",
				);
				GCC_WARN_64_TO_32_BIT_CONVERSION = YES;
				GCC_WARN_ABOUT_RETURN_TYPE = YES_ERROR;
				GCC_WARN_UNDECLARED_SELECTOR = YES;
				GCC_WARN_UNINITIALIZED_AUTOS = YES_AGGRESSIVE;
				GCC_WARN_UNUSED_FUNCTION = YES;
				GCC_WARN_UNUSED_VARIABLE = YES;
				IPHONEOS_DEPLOYMENT_TARGET = 17.2;
				LOCALIZATION_PREFERS_STRING_CATALOGS = YES;
				MTL_ENABLE_DEBUG_INFO = INCLUDE_SOURCE;
				MTL_FAST_MATH = YES;
				ONLY_ACTIVE_ARCH = YES;
				SDKROOT = iphoneos;
				SWIFT_ACTIVE_COMPILATION_CONDITIONS = "DEBUG $(inherited)";
				SWIFT_OPTIMIZATION_LEVEL = "-Onone";
			};
			name = Debug;
		};
		9EDEAEC52B9022C100D6B3B6 /* Release */ = {
			isa = XCBuildConfiguration;
			buildSettings = {
				ALWAYS_SEARCH_USER_PATHS = NO;
				ASSETCATALOG_COMPILER_GENERATE_SWIFT_ASSET_SYMBOL_EXTENSIONS = YES;
				CLANG_ANALYZER_NONNULL = YES;
				CLANG_ANALYZER_NUMBER_OBJECT_CONVERSION = YES_AGGRESSIVE;
				CLANG_CXX_LANGUAGE_STANDARD = "gnu++20";
				CLANG_ENABLE_MODULES = YES;
				CLANG_ENABLE_OBJC_ARC = YES;
				CLANG_ENABLE_OBJC_WEAK = YES;
				CLANG_WARN_BLOCK_CAPTURE_AUTORELEASING = YES;
				CLANG_WARN_BOOL_CONVERSION = YES;
				CLANG_WARN_COMMA = YES;
				CLANG_WARN_CONSTANT_CONVERSION = YES;
				CLANG_WARN_DEPRECATED_OBJC_IMPLEMENTATIONS = YES;
				CLANG_WARN_DIRECT_OBJC_ISA_USAGE = YES_ERROR;
				CLANG_WARN_DOCUMENTATION_COMMENTS = YES;
				CLANG_WARN_EMPTY_BODY = YES;
				CLANG_WARN_ENUM_CONVERSION = YES;
				CLANG_WARN_INFINITE_RECURSION = YES;
				CLANG_WARN_INT_CONVERSION = YES;
				CLANG_WARN_NON_LITERAL_NULL_CONVERSION = YES;
				CLANG_WARN_OBJC_IMPLICIT_RETAIN_SELF = YES;
				CLANG_WARN_OBJC_LITERAL_CONVERSION = YES;
				CLANG_WARN_OBJC_ROOT_CLASS = YES_ERROR;
				CLANG_WARN_QUOTED_INCLUDE_IN_FRAMEWORK_HEADER = YES;
				CLANG_WARN_RANGE_LOOP_ANALYSIS = YES;
				CLANG_WARN_STRICT_PROTOTYPES = YES;
				CLANG_WARN_SUSPICIOUS_MOVE = YES;
				CLANG_WARN_UNGUARDED_AVAILABILITY = YES_AGGRESSIVE;
				CLANG_WARN_UNREACHABLE_CODE = YES;
				CLANG_WARN__DUPLICATE_METHOD_MATCH = YES;
				COPY_PHASE_STRIP = NO;
				DEBUG_INFORMATION_FORMAT = "dwarf-with-dsym";
				ENABLE_NS_ASSERTIONS = NO;
				ENABLE_STRICT_OBJC_MSGSEND = YES;
				ENABLE_USER_SCRIPT_SANDBOXING = NO;
				GCC_C_LANGUAGE_STANDARD = gnu17;
				GCC_NO_COMMON_BLOCKS = YES;
				GCC_WARN_64_TO_32_BIT_CONVERSION = YES;
				GCC_WARN_ABOUT_RETURN_TYPE = YES_ERROR;
				GCC_WARN_UNDECLARED_SELECTOR = YES;
				GCC_WARN_UNINITIALIZED_AUTOS = YES_AGGRESSIVE;
				GCC_WARN_UNUSED_FUNCTION = YES;
				GCC_WARN_UNUSED_VARIABLE = YES;
				IPHONEOS_DEPLOYMENT_TARGET = 17.2;
				LOCALIZATION_PREFERS_STRING_CATALOGS = YES;
				MTL_ENABLE_DEBUG_INFO = NO;
				MTL_FAST_MATH = YES;
				SDKROOT = iphoneos;
				SWIFT_COMPILATION_MODE = wholemodule;
				VALIDATE_PRODUCT = YES;
			};
			name = Release;
		};
		9EDEAEC72B9022C100D6B3B6 /* Debug */ = {
			isa = XCBuildConfiguration;
			baseConfigurationReference = 7748F541CFE192BFB4EA1208 /* Pods-Basic_RxSwift.debug.xcconfig */;
			buildSettings = {
				ASSETCATALOG_COMPILER_APPICON_NAME = AppIcon;
				ASSETCATALOG_COMPILER_GLOBAL_ACCENT_COLOR_NAME = AccentColor;
				CODE_SIGN_STYLE = Automatic;
				CURRENT_PROJECT_VERSION = 1;
				DEVELOPMENT_TEAM = X67DB976UU;
				GENERATE_INFOPLIST_FILE = YES;
				INFOPLIST_FILE = Basic_RxSwift/Info.plist;
				INFOPLIST_KEY_UIApplicationSupportsIndirectInputEvents = YES;
				INFOPLIST_KEY_UILaunchStoryboardName = LaunchScreen;
				INFOPLIST_KEY_UIMainStoryboardFile = Main;
				INFOPLIST_KEY_UISupportedInterfaceOrientations_iPad = "UIInterfaceOrientationPortrait UIInterfaceOrientationPortraitUpsideDown UIInterfaceOrientationLandscapeLeft UIInterfaceOrientationLandscapeRight";
				INFOPLIST_KEY_UISupportedInterfaceOrientations_iPhone = "UIInterfaceOrientationPortrait UIInterfaceOrientationLandscapeLeft UIInterfaceOrientationLandscapeRight";
				LD_RUNPATH_SEARCH_PATHS = (
					"$(inherited)",
					"@executable_path/Frameworks",
				);
				MARKETING_VERSION = 1.0;
				PRODUCT_BUNDLE_IDENTIFIER = "yeo.Basic-RxSwift";
				PRODUCT_NAME = "$(TARGET_NAME)";
				SWIFT_EMIT_LOC_STRINGS = YES;
				SWIFT_VERSION = 5.0;
				TARGETED_DEVICE_FAMILY = "1,2";
			};
			name = Debug;
		};
		9EDEAEC82B9022C100D6B3B6 /* Release */ = {
			isa = XCBuildConfiguration;
			baseConfigurationReference = BA6600998CBDD9233241635F /* Pods-Basic_RxSwift.release.xcconfig */;
			buildSettings = {
				ASSETCATALOG_COMPILER_APPICON_NAME = AppIcon;
				ASSETCATALOG_COMPILER_GLOBAL_ACCENT_COLOR_NAME = AccentColor;
				CODE_SIGN_STYLE = Automatic;
				CURRENT_PROJECT_VERSION = 1;
				DEVELOPMENT_TEAM = X67DB976UU;
				GENERATE_INFOPLIST_FILE = YES;
				INFOPLIST_FILE = Basic_RxSwift/Info.plist;
				INFOPLIST_KEY_UIApplicationSupportsIndirectInputEvents = YES;
				INFOPLIST_KEY_UILaunchStoryboardName = LaunchScreen;
				INFOPLIST_KEY_UIMainStoryboardFile = Main;
				INFOPLIST_KEY_UISupportedInterfaceOrientations_iPad = "UIInterfaceOrientationPortrait UIInterfaceOrientationPortraitUpsideDown UIInterfaceOrientationLandscapeLeft UIInterfaceOrientationLandscapeRight";
				INFOPLIST_KEY_UISupportedInterfaceOrientations_iPhone = "UIInterfaceOrientationPortrait UIInterfaceOrientationLandscapeLeft UIInterfaceOrientationLandscapeRight";
				LD_RUNPATH_SEARCH_PATHS = (
					"$(inherited)",
					"@executable_path/Frameworks",
				);
				MARKETING_VERSION = 1.0;
				PRODUCT_BUNDLE_IDENTIFIER = "yeo.Basic-RxSwift";
				PRODUCT_NAME = "$(TARGET_NAME)";
				SWIFT_EMIT_LOC_STRINGS = YES;
				SWIFT_VERSION = 5.0;
				TARGETED_DEVICE_FAMILY = "1,2";
			};
			name = Release;
		};
/* End XCBuildConfiguration section */

/* Begin XCConfigurationList section */
		9EDEAEAD2B9022BF00D6B3B6 /* Build configuration list for PBXProject "Basic_RxSwift" */ = {
			isa = XCConfigurationList;
			buildConfigurations = (
				9EDEAEC42B9022C100D6B3B6 /* Debug */,
				9EDEAEC52B9022C100D6B3B6 /* Release */,
			);
			defaultConfigurationIsVisible = 0;
			defaultConfigurationName = Release;
		};
		9EDEAEC62B9022C100D6B3B6 /* Build configuration list for PBXNativeTarget "Basic_RxSwift" */ = {
			isa = XCConfigurationList;
			buildConfigurations = (
				9EDEAEC72B9022C100D6B3B6 /* Debug */,
				9EDEAEC82B9022C100D6B3B6 /* Release */,
			);
			defaultConfigurationIsVisible = 0;
			defaultConfigurationName = Release;
		};
/* End XCConfigurationList section */
	};
	rootObject = 9EDEAEAA2B9022BF00D6B3B6 /* Project object */;
}
